
Microsoft Visual Studio Solution File, Format Version 12.00
# Visual Studio Version 17
VisualStudioVersion = 17.5.002.0
MinimumVisualStudioVersion = 10.0.40219.1
Project("{9A19103F-16F7-4668-BE54-9A1E7A4F7556}") = "PC01_PROGRA", "PC01_PROGRA.csproj", "{87AF3CBF-8D2C-4DC4-949B-8536528C6B6C}"
EndProject
Global
	GlobalSection(SolutionConfigurationPlatforms) = preSolution
		Debug|Any CPU = Debug|Any CPU
		Release|Any CPU = Release|Any CPU
	EndGlobalSection
	GlobalSection(ProjectConfigurationPlatforms) = postSolution
		{87AF3CBF-8D2C-4DC4-949B-8536528C6B6C}.Debug|Any CPU.ActiveCfg = Debug|Any CPU
		{87AF3CBF-8D2C-4DC4-949B-8536528C6B6C}.Debug|Any CPU.Build.0 = Debug|Any CPU
		{87AF3CBF-8D2C-4DC4-949B-8536528C6B6C}.Release|Any CPU.ActiveCfg = Release|Any CPU
		{87AF3CBF-8D2C-4DC4-949B-8536528C6B6C}.Release|Any CPU.Build.0 = Release|Any CPU
	EndGlobalSection
	GlobalSection(SolutionProperties) = preSolution
		HideSolutionNode = FALSE
	EndGlobalSection
	GlobalSection(ExtensibilityGlobals) = postSolution
		SolutionGuid = {47301E97-DF67-4C41-8428-D0FC62A71482}
	EndGlobalSection
EndGlobal
